[[package]]
category = "main"
description = "A package for repl.it that allows you to clear the console and play audio."
name = "replit"
optional = false
python-versions = "*"
version = "1.1.3"

[metadata]
content-hash = "c2c35fceca948b2183f8410540c5b92dd90c8eee22f33f2bd029b99d11a4be95"
python-versions = "^3.7"

[metadata.hashes]
replit = ["99fee9325d0ddb57d49316be682679caeeced684e5f85dcc094892feda149139"]
